{
  "name": "tim-sorweid",
  "version": "1.0.0",
  "lockfileVersion": 2,
  "requires": true,
  "packages": {
    "": {
      "name": "tim-sorweid",
      "version": "1.0.0",
      "license": "ISC",
      "dependencies": {
        "names.js": "^1.0.5"
      }
    },
    "node_modules/names.js": {
      "version": "1.0.5",
      "resolved": "https://registry.npmjs.org/names.js/-/names.js-1.0.5.tgz",
      "integrity": "sha512-r3RXHy8Opj3fGerDiDI0PS9KNe03haWZdHxc3qKAzoX7/SDuNcuV02Evtr3U0t8wzJhQEkj1hGY9K/llHXprFw=="
    }
  },
  "dependencies": {
    "names.js": {
      "version": "1.0.5",
      "resolved": "https://registry.npmjs.org/names.js/-/names.js-1.0.5.tgz",
      "integrity": "sha512-r3RXHy8Opj3fGerDiDI0PS9KNe03haWZdHxc3qKAzoX7/SDuNcuV02Evtr3U0t8wzJhQEkj1hGY9K/llHXprFw=="
    }
  }
}
